
Microsoft Visual Studio Solution File, Format Version 12.00
# Visual Studio 15
VisualStudioVersion = 15.0.28307.1062
MinimumVisualStudioVersion = 10.0.40219.1
Project("{FAE04EC0-301F-11D3-BF4B-00C04F79EFBC}") = "PNRSched.Android", "PNRSched\PNRSched.Android\PNRSched.Android.csproj", "{F2FC8CB4-EF98-4ED7-886A-C0200723EC90}"
EndProject
Project("{FAE04EC0-301F-11D3-BF4B-00C04F79EFBC}") = "PNRSched", "PNRSched\PNRSched\PNRSched.csproj", "{8A28EE2C-D0EA-4D70-B8AA-D3DED0920590}"
EndProject
Global
	GlobalSection(SolutionConfigurationPlatforms) = preSolution
		Debug|Any CPU = Debug|Any CPU
		Release|Any CPU = Release|Any CPU
	EndGlobalSection
	GlobalSection(ProjectConfigurationPlatforms) = postSolution
		{F2FC8CB4-EF98-4ED7-886A-C0200723EC90}.Debug|Any CPU.ActiveCfg = Debug|Any CPU
		{F2FC8CB4-EF98-4ED7-886A-C0200723EC90}.Debug|Any CPU.Build.0 = Debug|Any CPU
		{F2FC8CB4-EF98-4ED7-886A-C0200723EC90}.Debug|Any CPU.Deploy.0 = Debug|Any CPU
		{F2FC8CB4-EF98-4ED7-886A-C0200723EC90}.Release|Any CPU.ActiveCfg = Release|Any CPU
		{F2FC8CB4-EF98-4ED7-886A-C0200723EC90}.Release|Any CPU.Build.0 = Release|Any CPU
		{F2FC8CB4-EF98-4ED7-886A-C0200723EC90}.Release|Any CPU.Deploy.0 = Release|Any CPU
		{8A28EE2C-D0EA-4D70-B8AA-D3DED0920590}.Debug|Any CPU.ActiveCfg = Debug|Any CPU
		{8A28EE2C-D0EA-4D70-B8AA-D3DED0920590}.Debug|Any CPU.Build.0 = Debug|Any CPU
		{8A28EE2C-D0EA-4D70-B8AA-D3DED0920590}.Release|Any CPU.ActiveCfg = Release|Any CPU
		{8A28EE2C-D0EA-4D70-B8AA-D3DED0920590}.Release|Any CPU.Build.0 = Release|Any CPU
	EndGlobalSection
	GlobalSection(SolutionProperties) = preSolution
		HideSolutionNode = FALSE
	EndGlobalSection
	GlobalSection(ExtensibilityGlobals) = postSolution
		SolutionGuid = {8BFA086C-FC25-41AA-B5F6-DBEB05D692FD}
	EndGlobalSection
EndGlobal
